
Microsoft Visual Studio Solution File, Format Version 12.00
# Visual Studio Version 17
VisualStudioVersion = 17.0.32112.339
MinimumVisualStudioVersion = 10.0.40219.1
Project("{FAE04EC0-301F-11D3-BF4B-00C04F79EFBC}") = "SugarSyntax", "SugarSyntax\SugarSyntax.csproj", "{37FAB66F-88E6-4B8F-8A09-51FA5C39289A}"
EndProject
Global
	GlobalSection(SolutionConfigurationPlatforms) = preSolution
		Debug|Any CPU = Debug|Any CPU
		Release|Any CPU = Release|Any CPU
	EndGlobalSection
	GlobalSection(ProjectConfigurationPlatforms) = postSolution
		{37FAB66F-88E6-4B8F-8A09-51FA5C39289A}.Debug|Any CPU.ActiveCfg = Debug|Any CPU
		{37FAB66F-88E6-4B8F-8A09-51FA5C39289A}.Debug|Any CPU.Build.0 = Debug|Any CPU
		{37FAB66F-88E6-4B8F-8A09-51FA5C39289A}.Release|Any CPU.ActiveCfg = Release|Any CPU
		{37FAB66F-88E6-4B8F-8A09-51FA5C39289A}.Release|Any CPU.Build.0 = Release|Any CPU
	EndGlobalSection
	GlobalSection(SolutionProperties) = preSolution
		HideSolutionNode = FALSE
	EndGlobalSection
	GlobalSection(ExtensibilityGlobals) = postSolution
		SolutionGuid = {006E086C-9296-4C43-A7ED-FABAE841D976}
	EndGlobalSection
EndGlobal
